
Microsoft Visual Studio Solution File, Format Version 12.00
# Visual Studio 15
VisualStudioVersion = 15.0.27004.2005
MinimumVisualStudioVersion = 10.0.40219.1
Project("{FAE04EC0-301F-11D3-BF4B-00C04F79EFBC}") = "Assignment.Extra.MovieDatabaseSQLite", "Assignment.Extra.MovieDatabaseSQLite\Assignment.Extra.MovieDatabaseSQLite.csproj", "{E7A6A5BA-3769-4D50-B440-C72E8B8EBB55}"
EndProject
Global
	GlobalSection(SolutionConfigurationPlatforms) = preSolution
		Debug|Any CPU = Debug|Any CPU
		Release|Any CPU = Release|Any CPU
	EndGlobalSection
	GlobalSection(ProjectConfigurationPlatforms) = postSolution
		{E7A6A5BA-3769-4D50-B440-C72E8B8EBB55}.Debug|Any CPU.ActiveCfg = Debug|Any CPU
		{E7A6A5BA-3769-4D50-B440-C72E8B8EBB55}.Debug|Any CPU.Build.0 = Debug|Any CPU
		{E7A6A5BA-3769-4D50-B440-C72E8B8EBB55}.Release|Any CPU.ActiveCfg = Release|Any CPU
		{E7A6A5BA-3769-4D50-B440-C72E8B8EBB55}.Release|Any CPU.Build.0 = Release|Any CPU
	EndGlobalSection
	GlobalSection(SolutionProperties) = preSolution
		HideSolutionNode = FALSE
	EndGlobalSection
	GlobalSection(ExtensibilityGlobals) = postSolution
		SolutionGuid = {5BA97A33-7BB1-4FBE-A4A5-A69CE69437E1}
	EndGlobalSection
EndGlobal
